
Microsoft Visual Studio Solution File, Format Version 12.00
# Visual Studio Version 17
VisualStudioVersion = 17.14.36717.8 d17.14
MinimumVisualStudioVersion = 10.0.40219.1
Project("{FAE04EC0-301F-11D3-BF4B-00C04F79EFBC}") = "RPGInventorySystem.Tests", "RPGInventorySystem.Tests\RPGInventorySystem.Tests.csproj", "{47B23118-A5A1-4326-81B1-41C13EC04664}"
EndProject
Project("{FAE04EC0-301F-11D3-BF4B-00C04F79EFBC}") = "RPGInventorySystem.Core", "RPGInventorySystem.Core\RPGInventorySystem.Core.csproj", "{07FB46E7-21E4-4858-830F-9CB9602EBB48}"
EndProject
Global
	GlobalSection(SolutionConfigurationPlatforms) = preSolution
		Debug|Any CPU = Debug|Any CPU
		Release|Any CPU = Release|Any CPU
	EndGlobalSection
	GlobalSection(ProjectConfigurationPlatforms) = postSolution
		{47B23118-A5A1-4326-81B1-41C13EC04664}.Debug|Any CPU.ActiveCfg = Debug|Any CPU
		{47B23118-A5A1-4326-81B1-41C13EC04664}.Debug|Any CPU.Build.0 = Debug|Any CPU
		{47B23118-A5A1-4326-81B1-41C13EC04664}.Release|Any CPU.ActiveCfg = Release|Any CPU
		{47B23118-A5A1-4326-81B1-41C13EC04664}.Release|Any CPU.Build.0 = Release|Any CPU
		{07FB46E7-21E4-4858-830F-9CB9602EBB48}.Debug|Any CPU.ActiveCfg = Debug|Any CPU
		{07FB46E7-21E4-4858-830F-9CB9602EBB48}.Debug|Any CPU.Build.0 = Debug|Any CPU
		{07FB46E7-21E4-4858-830F-9CB9602EBB48}.Release|Any CPU.ActiveCfg = Release|Any CPU
		{07FB46E7-21E4-4858-830F-9CB9602EBB48}.Release|Any CPU.Build.0 = Release|Any CPU
	EndGlobalSection
	GlobalSection(SolutionProperties) = preSolution
		HideSolutionNode = FALSE
	EndGlobalSection
	GlobalSection(ExtensibilityGlobals) = postSolution
		SolutionGuid = {EBAC5EF9-610E-4939-9D07-51E46BB0955C}
	EndGlobalSection
EndGlobal
